
Microsoft Visual Studio Solution File, Format Version 12.00
# Visual Studio Version 17
VisualStudioVersion = 17.0.31903.59
MinimumVisualStudioVersion = 10.0.40219.1
Project("{2150E333-8FDC-42A3-9474-1A3956D46DE8}") = "src", "src", "{827E0CD3-B72D-47B6-A68D-7590B98EB39B}"
EndProject
Project("{FAE04EC0-301F-11D3-BF4B-00C04F79EFBC}") = "MathUtils", "src\MathUtils\MathUtils.csproj", "{138BE879-8BDC-46CF-B4A3-584B27DE3E79}"
EndProject
Project("{2150E333-8FDC-42A3-9474-1A3956D46DE8}") = "tests", "tests", "{0AB3BF05-4346-4AA6-1389-037BE0695223}"
EndProject
Project("{FAE04EC0-301F-11D3-BF4B-00C04F79EFBC}") = "MathUtils.Tests", "tests\MathUtils.Tests\MathUtils.Tests.csproj", "{C68FE930-6B82-4990-B630-6ACD96DCB35F}"
EndProject
Global
	GlobalSection(SolutionConfigurationPlatforms) = preSolution
		Debug|Any CPU = Debug|Any CPU
		Debug|x64 = Debug|x64
		Debug|x86 = Debug|x86
		Release|Any CPU = Release|Any CPU
		Release|x64 = Release|x64
		Release|x86 = Release|x86
	EndGlobalSection
	GlobalSection(ProjectConfigurationPlatforms) = postSolution
		{138BE879-8BDC-46CF-B4A3-584B27DE3E79}.Debug|Any CPU.ActiveCfg = Debug|Any CPU
		{138BE879-8BDC-46CF-B4A3-584B27DE3E79}.Debug|Any CPU.Build.0 = Debug|Any CPU
		{138BE879-8BDC-46CF-B4A3-584B27DE3E79}.Debug|x64.ActiveCfg = Debug|Any CPU
		{138BE879-8BDC-46CF-B4A3-584B27DE3E79}.Debug|x64.Build.0 = Debug|Any CPU
		{138BE879-8BDC-46CF-B4A3-584B27DE3E79}.Debug|x86.ActiveCfg = Debug|Any CPU
		{138BE879-8BDC-46CF-B4A3-584B27DE3E79}.Debug|x86.Build.0 = Debug|Any CPU
		{138BE879-8BDC-46CF-B4A3-584B27DE3E79}.Release|Any CPU.ActiveCfg = Release|Any CPU
		{138BE879-8BDC-46CF-B4A3-584B27DE3E79}.Release|Any CPU.Build.0 = Release|Any CPU
		{138BE879-8BDC-46CF-B4A3-584B27DE3E79}.Release|x64.ActiveCfg = Release|Any CPU
		{138BE879-8BDC-46CF-B4A3-584B27DE3E79}.Release|x64.Build.0 = Release|Any CPU
		{138BE879-8BDC-46CF-B4A3-584B27DE3E79}.Release|x86.ActiveCfg = Release|Any CPU
		{138BE879-8BDC-46CF-B4A3-584B27DE3E79}.Release|x86.Build.0 = Release|Any CPU
		{C68FE930-6B82-4990-B630-6ACD96DCB35F}.Debug|Any CPU.ActiveCfg = Debug|Any CPU
		{C68FE930-6B82-4990-B630-6ACD96DCB35F}.Debug|Any CPU.Build.0 = Debug|Any CPU
		{C68FE930-6B82-4990-B630-6ACD96DCB35F}.Debug|x64.ActiveCfg = Debug|Any CPU
		{C68FE930-6B82-4990-B630-6ACD96DCB35F}.Debug|x64.Build.0 = Debug|Any CPU
		{C68FE930-6B82-4990-B630-6ACD96DCB35F}.Debug|x86.ActiveCfg = Debug|Any CPU
		{C68FE930-6B82-4990-B630-6ACD96DCB35F}.Debug|x86.Build.0 = Debug|Any CPU
		{C68FE930-6B82-4990-B630-6ACD96DCB35F}.Release|Any CPU.ActiveCfg = Release|Any CPU
		{C68FE930-6B82-4990-B630-6ACD96DCB35F}.Release|Any CPU.Build.0 = Release|Any CPU
		{C68FE930-6B82-4990-B630-6ACD96DCB35F}.Release|x64.ActiveCfg = Release|Any CPU
		{C68FE930-6B82-4990-B630-6ACD96DCB35F}.Release|x64.Build.0 = Release|Any CPU
		{C68FE930-6B82-4990-B630-6ACD96DCB35F}.Release|x86.ActiveCfg = Release|Any CPU
		{C68FE930-6B82-4990-B630-6ACD96DCB35F}.Release|x86.Build.0 = Release|Any CPU
	EndGlobalSection
	GlobalSection(SolutionProperties) = preSolution
		HideSolutionNode = FALSE
	EndGlobalSection
	GlobalSection(NestedProjects) = preSolution
		{138BE879-8BDC-46CF-B4A3-584B27DE3E79} = {827E0CD3-B72D-47B6-A68D-7590B98EB39B}
		{C68FE930-6B82-4990-B630-6ACD96DCB35F} = {0AB3BF05-4346-4AA6-1389-037BE0695223}
	EndGlobalSection
EndGlobal
